
Microsoft Visual Studio Solution File, Format Version 12.00
# Visual Studio Version 17
VisualStudioVersion = 17.4.33213.308
MinimumVisualStudioVersion = 10.0.40219.1
Project("{FAE04EC0-301F-11D3-BF4B-00C04F79EFBC}") = "MVCApp", "MVCApp\MVCApp.csproj", "{7D57044F-F202-4AA7-BB7E-A3407C0D2B9E}"
EndProject
Project("{FAE04EC0-301F-11D3-BF4B-00C04F79EFBC}") = "DotNetCoreApi", "DotNetCoreApi\DotNetCoreApi.csproj", "{1E91E1D0-5136-4674-AEC1-45E6E56C8022}"
EndProject
Global
	GlobalSection(SolutionConfigurationPlatforms) = preSolution
		Debug|Any CPU = Debug|Any CPU
		Release|Any CPU = Release|Any CPU
	EndGlobalSection
	GlobalSection(ProjectConfigurationPlatforms) = postSolution
		{7D57044F-F202-4AA7-BB7E-A3407C0D2B9E}.Debug|Any CPU.ActiveCfg = Debug|Any CPU
		{7D57044F-F202-4AA7-BB7E-A3407C0D2B9E}.Debug|Any CPU.Build.0 = Debug|Any CPU
		{7D57044F-F202-4AA7-BB7E-A3407C0D2B9E}.Release|Any CPU.ActiveCfg = Release|Any CPU
		{7D57044F-F202-4AA7-BB7E-A3407C0D2B9E}.Release|Any CPU.Build.0 = Release|Any CPU
		{1E91E1D0-5136-4674-AEC1-45E6E56C8022}.Debug|Any CPU.ActiveCfg = Debug|Any CPU
		{1E91E1D0-5136-4674-AEC1-45E6E56C8022}.Debug|Any CPU.Build.0 = Debug|Any CPU
		{1E91E1D0-5136-4674-AEC1-45E6E56C8022}.Release|Any CPU.ActiveCfg = Release|Any CPU
		{1E91E1D0-5136-4674-AEC1-45E6E56C8022}.Release|Any CPU.Build.0 = Release|Any CPU
	EndGlobalSection
	GlobalSection(SolutionProperties) = preSolution
		HideSolutionNode = FALSE
	EndGlobalSection
	GlobalSection(ExtensibilityGlobals) = postSolution
		SolutionGuid = {8F2A4383-622C-41DB-9627-6AAB2072BBD5}
	EndGlobalSection
EndGlobal
